
Microsoft Visual Studio Solution File, Format Version 12.00
# Visual Studio Version 16
VisualStudioVersion = 16.0.31112.23
MinimumVisualStudioVersion = 10.0.40219.1
Project("{9A19103F-16F7-4668-BE54-9A1E7A4F7556}") = "HW_inheritance_vehicles", "HW_inheritance_vehicles\HW_inheritance_vehicles.csproj", "{2A928067-57AA-4250-81B5-80B87203B543}"
EndProject
Project("{FAE04EC0-301F-11D3-BF4B-00C04F79EFBC}") = "ClassLibrary1", "ClassLibrary1\ClassLibrary1.csproj", "{071C5144-5C13-4A69-86F6-9E70E8B88EC4}"
EndProject
Global
	GlobalSection(SolutionConfigurationPlatforms) = preSolution
		Debug|Any CPU = Debug|Any CPU
		Release|Any CPU = Release|Any CPU
	EndGlobalSection
	GlobalSection(ProjectConfigurationPlatforms) = postSolution
		{2A928067-57AA-4250-81B5-80B87203B543}.Debug|Any CPU.ActiveCfg = Debug|Any CPU
		{2A928067-57AA-4250-81B5-80B87203B543}.Debug|Any CPU.Build.0 = Debug|Any CPU
		{2A928067-57AA-4250-81B5-80B87203B543}.Release|Any CPU.ActiveCfg = Release|Any CPU
		{2A928067-57AA-4250-81B5-80B87203B543}.Release|Any CPU.Build.0 = Release|Any CPU
		{071C5144-5C13-4A69-86F6-9E70E8B88EC4}.Debug|Any CPU.ActiveCfg = Debug|Any CPU
		{071C5144-5C13-4A69-86F6-9E70E8B88EC4}.Debug|Any CPU.Build.0 = Debug|Any CPU
		{071C5144-5C13-4A69-86F6-9E70E8B88EC4}.Release|Any CPU.ActiveCfg = Release|Any CPU
		{071C5144-5C13-4A69-86F6-9E70E8B88EC4}.Release|Any CPU.Build.0 = Release|Any CPU
	EndGlobalSection
	GlobalSection(SolutionProperties) = preSolution
		HideSolutionNode = FALSE
	EndGlobalSection
	GlobalSection(ExtensibilityGlobals) = postSolution
		SolutionGuid = {21C76E14-30F9-4E1B-B358-A49522F880F0}
	EndGlobalSection
EndGlobal
