
Microsoft Visual Studio Solution File, Format Version 12.00
# Visual Studio Version 16
VisualStudioVersion = 16.0.31112.23
MinimumVisualStudioVersion = 10.0.40219.1
Project("{FAE04EC0-301F-11D3-BF4B-00C04F79EFBC}") = "LINQ_HW1", "LINQ_HW1\LINQ_HW1.csproj", "{782E9D8A-C570-4195-BED9-3E81DF81D7B2}"
EndProject
Project("{FAE04EC0-301F-11D3-BF4B-00C04F79EFBC}") = "ClassLib", "ClassLib\ClassLib.csproj", "{4D0793C7-4EB1-4969-940A-F6DBE63BC376}"
EndProject
Global
	GlobalSection(SolutionConfigurationPlatforms) = preSolution
		Debug|Any CPU = Debug|Any CPU
		Release|Any CPU = Release|Any CPU
	EndGlobalSection
	GlobalSection(ProjectConfigurationPlatforms) = postSolution
		{782E9D8A-C570-4195-BED9-3E81DF81D7B2}.Debug|Any CPU.ActiveCfg = Debug|Any CPU
		{782E9D8A-C570-4195-BED9-3E81DF81D7B2}.Debug|Any CPU.Build.0 = Debug|Any CPU
		{782E9D8A-C570-4195-BED9-3E81DF81D7B2}.Release|Any CPU.ActiveCfg = Release|Any CPU
		{782E9D8A-C570-4195-BED9-3E81DF81D7B2}.Release|Any CPU.Build.0 = Release|Any CPU
		{4D0793C7-4EB1-4969-940A-F6DBE63BC376}.Debug|Any CPU.ActiveCfg = Debug|Any CPU
		{4D0793C7-4EB1-4969-940A-F6DBE63BC376}.Debug|Any CPU.Build.0 = Debug|Any CPU
		{4D0793C7-4EB1-4969-940A-F6DBE63BC376}.Release|Any CPU.ActiveCfg = Release|Any CPU
		{4D0793C7-4EB1-4969-940A-F6DBE63BC376}.Release|Any CPU.Build.0 = Release|Any CPU
	EndGlobalSection
	GlobalSection(SolutionProperties) = preSolution
		HideSolutionNode = FALSE
	EndGlobalSection
	GlobalSection(ExtensibilityGlobals) = postSolution
		SolutionGuid = {9E1894CB-EEB2-4E39-AB3C-EC2DDDC51A11}
	EndGlobalSection
EndGlobal
